
Microsoft Visual Studio Solution File, Format Version 12.00
# Visual Studio Version 17
VisualStudioVersion = 17.5.33502.453
MinimumVisualStudioVersion = 10.0.40219.1
Project("{FAE04EC0-301F-11D3-BF4B-00C04F79EFBC}") = "K70Practic", "K70Practic\K70Practic.csproj", "{DE0C05ED-CAF2-49D6-9F03-CD28ADA6C839}"
EndProject
Global
	GlobalSection(SolutionConfigurationPlatforms) = preSolution
		Debug|Any CPU = Debug|Any CPU
		Release|Any CPU = Release|Any CPU
	EndGlobalSection
	GlobalSection(ProjectConfigurationPlatforms) = postSolution
		{DE0C05ED-CAF2-49D6-9F03-CD28ADA6C839}.Debug|Any CPU.ActiveCfg = Debug|Any CPU
		{DE0C05ED-CAF2-49D6-9F03-CD28ADA6C839}.Debug|Any CPU.Build.0 = Debug|Any CPU
		{DE0C05ED-CAF2-49D6-9F03-CD28ADA6C839}.Release|Any CPU.ActiveCfg = Release|Any CPU
		{DE0C05ED-CAF2-49D6-9F03-CD28ADA6C839}.Release|Any CPU.Build.0 = Release|Any CPU
	EndGlobalSection
	GlobalSection(SolutionProperties) = preSolution
		HideSolutionNode = FALSE
	EndGlobalSection
	GlobalSection(ExtensibilityGlobals) = postSolution
		SolutionGuid = {BE7BEF64-30FD-4D43-A204-D94A6C46CAEB}
	EndGlobalSection
EndGlobal
